
Microsoft Visual Studio Solution File, Format Version 12.00
# Visual Studio 15
VisualStudioVersion = 15.0.28307.1062
MinimumVisualStudioVersion = 10.0.40219.1
Project("{8BC9CEB8-8B4A-11D0-8D11-00A0C91BC942}") = "Project3", "Project3\Project3.vcxproj", "{179E5340-41A9-459D-B250-510BB07CCCA8}"
EndProject
Global
	GlobalSection(SolutionConfigurationPlatforms) = preSolution
		Debug|x64 = Debug|x64
		Debug|x86 = Debug|x86
		Release|x64 = Release|x64
		Release|x86 = Release|x86
	EndGlobalSection
	GlobalSection(ProjectConfigurationPlatforms) = postSolution
		{179E5340-41A9-459D-B250-510BB07CCCA8}.Debug|x64.ActiveCfg = Debug|x64
		{179E5340-41A9-459D-B250-510BB07CCCA8}.Debug|x64.Build.0 = Debug|x64
		{179E5340-41A9-459D-B250-510BB07CCCA8}.Debug|x86.ActiveCfg = Debug|Win32
		{179E5340-41A9-459D-B250-510BB07CCCA8}.Debug|x86.Build.0 = Debug|Win32
		{179E5340-41A9-459D-B250-510BB07CCCA8}.Release|x64.ActiveCfg = Release|x64
		{179E5340-41A9-459D-B250-510BB07CCCA8}.Release|x64.Build.0 = Release|x64
		{179E5340-41A9-459D-B250-510BB07CCCA8}.Release|x86.ActiveCfg = Release|Win32
		{179E5340-41A9-459D-B250-510BB07CCCA8}.Release|x86.Build.0 = Release|Win32
	EndGlobalSection
	GlobalSection(SolutionProperties) = preSolution
		HideSolutionNode = FALSE
	EndGlobalSection
	GlobalSection(ExtensibilityGlobals) = postSolution
		SolutionGuid = {BCBEBB11-A31C-4309-B571-B75DDBD93624}
	EndGlobalSection
EndGlobal
