
Microsoft Visual Studio Solution File, Format Version 12.00
# Visual Studio 15
VisualStudioVersion = 15.0.28307.1082
MinimumVisualStudioVersion = 10.0.40219.1
Project("{8BC9CEB8-8B4A-11D0-8D11-00A0C91BC942}") = "Project6", "Project6\Project6.vcxproj", "{D25D9BEB-2CBC-454E-B497-6242308D749A}"
EndProject
Global
	GlobalSection(SolutionConfigurationPlatforms) = preSolution
		Debug|x64 = Debug|x64
		Debug|x86 = Debug|x86
		Release|x64 = Release|x64
		Release|x86 = Release|x86
	EndGlobalSection
	GlobalSection(ProjectConfigurationPlatforms) = postSolution
		{D25D9BEB-2CBC-454E-B497-6242308D749A}.Debug|x64.ActiveCfg = Debug|x64
		{D25D9BEB-2CBC-454E-B497-6242308D749A}.Debug|x64.Build.0 = Debug|x64
		{D25D9BEB-2CBC-454E-B497-6242308D749A}.Debug|x86.ActiveCfg = Debug|Win32
		{D25D9BEB-2CBC-454E-B497-6242308D749A}.Debug|x86.Build.0 = Debug|Win32
		{D25D9BEB-2CBC-454E-B497-6242308D749A}.Release|x64.ActiveCfg = Release|x64
		{D25D9BEB-2CBC-454E-B497-6242308D749A}.Release|x64.Build.0 = Release|x64
		{D25D9BEB-2CBC-454E-B497-6242308D749A}.Release|x86.ActiveCfg = Release|Win32
		{D25D9BEB-2CBC-454E-B497-6242308D749A}.Release|x86.Build.0 = Release|Win32
	EndGlobalSection
	GlobalSection(SolutionProperties) = preSolution
		HideSolutionNode = FALSE
	EndGlobalSection
	GlobalSection(ExtensibilityGlobals) = postSolution
		SolutionGuid = {DA805B03-0BC4-419B-9330-987326C66A32}
	EndGlobalSection
EndGlobal
