
Microsoft Visual Studio Solution File, Format Version 12.00
# Visual Studio 15
VisualStudioVersion = 15.0.28307.1082
MinimumVisualStudioVersion = 10.0.40219.1
Project("{8BC9CEB8-8B4A-11D0-8D11-00A0C91BC942}") = "PRO_lab8", "PRO_lab8\PRO_lab8.vcxproj", "{22CBA4CC-B4F0-4CB3-AE15-5CA69748C5DC}"
EndProject
Global
	GlobalSection(SolutionConfigurationPlatforms) = preSolution
		Debug|x64 = Debug|x64
		Debug|x86 = Debug|x86
		Release|x64 = Release|x64
		Release|x86 = Release|x86
	EndGlobalSection
	GlobalSection(ProjectConfigurationPlatforms) = postSolution
		{22CBA4CC-B4F0-4CB3-AE15-5CA69748C5DC}.Debug|x64.ActiveCfg = Debug|x64
		{22CBA4CC-B4F0-4CB3-AE15-5CA69748C5DC}.Debug|x64.Build.0 = Debug|x64
		{22CBA4CC-B4F0-4CB3-AE15-5CA69748C5DC}.Debug|x86.ActiveCfg = Debug|Win32
		{22CBA4CC-B4F0-4CB3-AE15-5CA69748C5DC}.Debug|x86.Build.0 = Debug|Win32
		{22CBA4CC-B4F0-4CB3-AE15-5CA69748C5DC}.Release|x64.ActiveCfg = Release|x64
		{22CBA4CC-B4F0-4CB3-AE15-5CA69748C5DC}.Release|x64.Build.0 = Release|x64
		{22CBA4CC-B4F0-4CB3-AE15-5CA69748C5DC}.Release|x86.ActiveCfg = Release|Win32
		{22CBA4CC-B4F0-4CB3-AE15-5CA69748C5DC}.Release|x86.Build.0 = Release|Win32
	EndGlobalSection
	GlobalSection(SolutionProperties) = preSolution
		HideSolutionNode = FALSE
	EndGlobalSection
	GlobalSection(ExtensibilityGlobals) = postSolution
		SolutionGuid = {49D6ECB4-3111-4143-A103-589B07C7A9C0}
	EndGlobalSection
EndGlobal
